[[package]]
name = "black"
version = "23.7.0"
description = "The uncompromising code formatter."
category = "dev"
optional = false
python-versions = ">=3.8"

[package.dependencies]
click = ">=8.0.0"
mypy-extensions = ">=0.4.3"
packaging = ">=22.0"
pathspec = ">=0.9.0"
platformdirs = ">=2"
tomli = {version = ">=1.1.0", markers = "python_version < \"3.11\""}
typing-extensions = {version = ">=3.10.0.0", markers = "python_version < \"3.10\""}

[package.extras]
colorama = ["colorama (>=0.4.3)"]
d = ["aiohttp (>=3.7.4)"]
jupyter = ["ipython (>=7.8.0)", "tokenize-rt (>=3.2.0)"]
uvloop = ["uvloop (>=0.15.2)"]

[[package]]
name = "click"
version = "8.1.6"
description = "Composable command line interface toolkit"
category = "dev"
optional = false
python-versions = ">=3.7"

[package.dependencies]
colorama = {version = "*", markers = "platform_system == \"Windows\""}

[[package]]
name = "colorama"
version = "0.4.6"
description = "Cross-platform colored terminal text."
category = "dev"
optional = false
python-versions = "!=3.0.*,!=3.1.*,!=3.2.*,!=3.3.*,!=3.4.*,!=3.5.*,!=3.6.*,>=2.7"

[[package]]
name = "deprecation"
version = "2.1.0"
description = "A library to handle automated deprecations"
category = "main"
optional = false
python-versions = "*"

[package.dependencies]
packaging = "*"

[[package]]
name = "isort"
version = "5.12.0"
description = "A Python utility / library to sort Python imports."
category = "dev"
optional = false
python-versions = ">=3.8.0"

[package.extras]
colors = ["colorama (>=0.4.3)"]
requirements-deprecated-finder = ["pip-api", "pipreqs"]
pipfile-deprecated-finder = ["pip-shims (>=0.5.2)", "pipreqs", "requirementslib"]
plugins = ["setuptools"]

[[package]]
name = "lxml"
version = "4.9.3"
description = "Powerful and Pythonic XML processing library combining libxml2/libxslt with the ElementTree API."
category = "main"
optional = false
python-versions = ">=2.7, !=3.0.*, !=3.1.*, !=3.2.*, !=3.3.*, != 3.4.*"

[package.extras]
cssselect = ["cssselect (>=0.7)"]
html5 = ["html5lib"]
htmlsoup = ["beautifulsoup4"]
source = ["Cython (>=0.29.35)"]

[[package]]
name = "mypy-extensions"
version = "1.0.0"
description = "Type system extensions for programs checked with the mypy type checker."
category = "dev"
optional = false
python-versions = ">=3.5"

[[package]]
name = "numpy"
version = "1.25.2"
description = "Fundamental package for array computing in Python"
category = "main"
optional = false
python-versions = ">=3.9"

[[package]]
name = "packaging"
version = "23.1"
description = "Core utilities for Python packages"
category = "main"
optional = false
python-versions = ">=3.7"

[[package]]
name = "pathspec"
version = "0.11.2"
description = "Utility library for gitignore style pattern matching of file paths."
category = "dev"
optional = false
python-versions = ">=3.7"

[[package]]
name = "pikepdf"
version = "8.4.0"
description = "Read and write PDFs with Python, powered by qpdf"
category = "main"
optional = false
python-versions = ">=3.8"

[package.dependencies]
deprecation = "*"
lxml = ">=4.8"
packaging = "*"
Pillow = ">=9.0"

[package.extras]
dev = ["pre-commit", "typer"]
docs = ["gitpython", "pygithub", "Sphinx (>=3)", "ipython", "matplotlib", "pybind11", "requests", "sphinx-design", "sphinx-issues", "sphinx-rtd-theme", "tomli"]
mypy = ["lxml-stubs", "types-pillow", "types-requests", "types-setuptools"]
test = ["attrs (>=20.2.0)", "coverage", "hypothesis (>=6.36)", "psutil (>=5.9)", "pybind11", "pytest (>=6.2.5)", "pytest-cov (>=3.0.0)", "pytest-timeout (>=2.1.0)", "pytest-xdist (>=2.5.0)", "python-dateutil (>=2.8.1)", "numpy (>=1.21.0)", "tomli", "python-xmp-toolkit (>=2.0.1)"]

[[package]]
name = "pillow"
version = "10.0.0"
description = "Python Imaging Library (Fork)"
category = "main"
optional = false
python-versions = ">=3.8"

[package.extras]
docs = ["furo", "olefile", "sphinx (>=2.4)", "sphinx-copybutton", "sphinx-inline-tabs", "sphinx-removed-in", "sphinxext-opengraph"]
tests = ["check-manifest", "coverage", "defusedxml", "markdown2", "olefile", "packaging", "pyroma", "pytest", "pytest-cov", "pytest-timeout"]

[[package]]
name = "platformdirs"
version = "3.10.0"
description = "A small Python package for determining appropriate platform-specific dirs, e.g. a \"user data dir\"."
category = "dev"
optional = false
python-versions = ">=3.7"

[package.extras]
docs = ["furo (>=2023.7.26)", "proselint (>=0.13)", "sphinx-autodoc-typehints (>=1.24)", "sphinx (>=7.1.1)"]
test = ["appdirs (==1.4.4)", "covdefaults (>=2.3)", "pytest-cov (>=4.1)", "pytest-mock (>=3.11.1)", "pytest (>=7.4)"]

[[package]]
name = "pypdfium2"
version = "4.18.0"
description = "Python bindings to PDFium"
category = "main"
optional = false
python-versions = ">=3.6"

[[package]]
name = "ruff"
version = "0.0.284"
description = "An extremely fast Python linter, written in Rust."
category = "dev"
optional = false
python-versions = ">=3.7"

[[package]]
name = "tomli"
version = "2.0.1"
description = "A lil' TOML parser"
category = "dev"
optional = false
python-versions = ">=3.7"

[[package]]
name = "typing-extensions"
version = "4.7.1"
description = "Backported and Experimental Type Hints for Python 3.7+"
category = "dev"
optional = false
python-versions = ">=3.7"

[metadata]
lock-version = "1.1"
python-versions = "^3.9"
content-hash = "c042cb3cfc414edb45f25f00b15b0ab37d459feee84c700844dd06273ca5788d"

[metadata.files]
black = []
click = []
colorama = []
deprecation = []
isort = []
lxml = []
mypy-extensions = []
numpy = []
packaging = []
pathspec = []
pikepdf = []
pillow = []
platformdirs = []
pypdfium2 = []
ruff = []
tomli = [
    {file = "tomli-2.0.1-py3-none-any.whl", hash = "sha256:939de3e7a6161af0c887ef91b7d41a53e7c5a1ca976325f429cb46ea9bc30ecc"},
    {file = "tomli-2.0.1.tar.gz", hash = "sha256:de526c12914f0c550d15924c62d72abc48d6fe7364aa87328337a31007fe8a4f"},
]
typing-extensions = []
